
Microsoft Visual Studio Solution File, Format Version 12.00
# Visual Studio Version 17
VisualStudioVersion = 17.4.33213.308
MinimumVisualStudioVersion = 10.0.40219.1
Project("{FAE04EC0-301F-11D3-BF4B-00C04F79EFBC}") = "DragHandlerSample", "DragHandlerSample.csproj", "{496E1D00-9348-4809-955F-5339DA5FE71A}"
EndProject
Global
	GlobalSection(SolutionConfigurationPlatforms) = preSolution
		Debug|Any CPU = Debug|Any CPU
		Release|Any CPU = Release|Any CPU
	EndGlobalSection
	GlobalSection(ProjectConfigurationPlatforms) = postSolution
		{496E1D00-9348-4809-955F-5339DA5FE71A}.Debug|Any CPU.ActiveCfg = Debug|Any CPU
		{496E1D00-9348-4809-955F-5339DA5FE71A}.Debug|Any CPU.Build.0 = Debug|Any CPU
		{496E1D00-9348-4809-955F-5339DA5FE71A}.Release|Any CPU.ActiveCfg = Release|Any CPU
		{496E1D00-9348-4809-955F-5339DA5FE71A}.Release|Any CPU.Build.0 = Release|Any CPU
	EndGlobalSection
	GlobalSection(SolutionProperties) = preSolution
		HideSolutionNode = FALSE
	EndGlobalSection
	GlobalSection(ExtensibilityGlobals) = postSolution
		SolutionGuid = {6F77B77B-4563-475B-9894-DE604935BF1A}
	EndGlobalSection
EndGlobal
